
Microsoft Visual Studio Solution File, Format Version 12.00
# Visual Studio Version 17
VisualStudioVersion = 17.6.33723.286
MinimumVisualStudioVersion = 10.0.40219.1
Project("{9A19103F-16F7-4668-BE54-9A1E7A4F7556}") = "BCP.Distributed", "BCP.API\BCP.Distributed.csproj", "{423C5D9F-961F-4E2D-ADA9-6A04E135B4C8}"
EndProject
Project("{2150E333-8FDC-42A3-9474-1A3956D46DE8}") = "02. Distributed", "02. Distributed", "{AFDADF3B-341B-4CAF-9F3E-315764BBC418}"
EndProject
Project("{2150E333-8FDC-42A3-9474-1A3956D46DE8}") = "03. Application", "03. Application", "{DAE439B2-BC86-4F88-8787-D26B5A5B6C70}"
EndProject
Project("{2150E333-8FDC-42A3-9474-1A3956D46DE8}") = "04. Domain", "04. Domain", "{0484AF6A-4A2C-49F8-9A30-B6A267D3B1DF}"
EndProject
Project("{2150E333-8FDC-42A3-9474-1A3956D46DE8}") = "05. Infrastructure", "05. Infrastructure", "{CC010FF0-26EE-4D97-BB59-3E52F07D5841}"
EndProject
Project("{2150E333-8FDC-42A3-9474-1A3956D46DE8}") = "06. Crosscuting", "06. Crosscuting", "{7FA242CD-E10E-4337-9051-B9A4788DFF40}"
EndProject
Project("{2150E333-8FDC-42A3-9474-1A3956D46DE8}") = "09. Framework", "09. Framework", "{8BBB616D-1241-40A9-9114-B9BBBB5C9CED}"
EndProject
Project("{2150E333-8FDC-42A3-9474-1A3956D46DE8}") = "10. Test", "10. Test", "{BA9F9417-812F-4788-98E7-2E6D46612240}"
EndProject
Project("{9A19103F-16F7-4668-BE54-9A1E7A4F7556}") = "BCP.META.Crosscuting", "BCP.META.Crosscuting\BCP.META.Crosscuting.csproj", "{16366A1D-2A7E-42AD-9FDC-CC43496AF6DF}"
EndProject
Project("{9A19103F-16F7-4668-BE54-9A1E7A4F7556}") = "BCP.META.Application.DTO", "BCP.META.Application.DTO\BCP.META.Application.DTO.csproj", "{A4145BA7-C1B9-4B8C-B970-CCE08C13A770}"
EndProject
Project("{9A19103F-16F7-4668-BE54-9A1E7A4F7556}") = "BCP.META.Application.Service", "BCP.META.Application.Service\BCP.META.Application.Service.csproj", "{9BA9F8FA-336F-4B7B-8E45-FB2A1731E40F}"
EndProject
Project("{9A19103F-16F7-4668-BE54-9A1E7A4F7556}") = "BCP.META.Domain.Entities", "BCP.META.Domain.Entities\BCP.META.Domain.Entities.csproj", "{D4D66B4A-5C86-4CC3-A139-6417F8217D82}"
EndProject
Project("{9A19103F-16F7-4668-BE54-9A1E7A4F7556}") = "BCP.META.Infrastructure.Connections", "BCP.META.Infrastructure.Connections\BCP.META.Infrastructure.Connections.csproj", "{A1CCE601-558F-4B39-8B0E-091E6C2DAC07}"
EndProject
Project("{9A19103F-16F7-4668-BE54-9A1E7A4F7556}") = "BCP.META.Infrastructure.UnitOfWork", "BCP.META.Infrastructure.UnitOfWork\BCP.META.Infrastructure.UnitOfWork.csproj", "{291656CB-A113-403A-B9A2-D1D00C347A29}"
EndProject
Project("{9A19103F-16F7-4668-BE54-9A1E7A4F7556}") = "BCP.META.Infrastructure.Repository", "BCP.META.Infrastructure.Repository\BCP.META.Infrastructure.Repository.csproj", "{9679F44F-68A9-45C1-BF8E-1BE4A1ED7D1B}"
EndProject
Project("{9A19103F-16F7-4668-BE54-9A1E7A4F7556}") = "BCP.META.Infrastructure.UnitOfWork.Repository", "BCP.META.Infrastructure.UnitOfWork.Repository\BCP.META.Infrastructure.UnitOfWork.Repository.csproj", "{8DE77B0D-E60F-4B99-8B07-65DA84692D66}"
EndProject
Project("{9A19103F-16F7-4668-BE54-9A1E7A4F7556}") = "BCP.META.Framework.Logger", "BCP.META.Framework.Logger\BCP.META.Framework.Logger.csproj", "{FFF69025-9AF5-4A89-92AD-5CA8D07841D9}"
EndProject
Project("{2150E333-8FDC-42A3-9474-1A3956D46DE8}") = "01. Presentation", "01. Presentation", "{B76157AA-A366-42AB-84B4-34C197404ED4}"
EndProject
Project("{9A19103F-16F7-4668-BE54-9A1E7A4F7556}") = "BCP.META.Presentation", "BCP.META.Presentation\BCP.META.Presentation.csproj", "{45735B6A-FB6A-4057-91A4-76D8886EC8E8}"
EndProject
Project("{2150E333-8FDC-42A3-9474-1A3956D46DE8}") = "11. Misc", "11. Misc", "{241AE610-E098-40FE-BA17-644457435CB8}"
	ProjectSection(SolutionItems) = preProject
		db.sql = db.sql
	EndProjectSection
EndProject
Global
	GlobalSection(SolutionConfigurationPlatforms) = preSolution
		Debug|Any CPU = Debug|Any CPU
		Release|Any CPU = Release|Any CPU
	EndGlobalSection
	GlobalSection(ProjectConfigurationPlatforms) = postSolution
		{423C5D9F-961F-4E2D-ADA9-6A04E135B4C8}.Debug|Any CPU.ActiveCfg = Debug|Any CPU
		{423C5D9F-961F-4E2D-ADA9-6A04E135B4C8}.Debug|Any CPU.Build.0 = Debug|Any CPU
		{423C5D9F-961F-4E2D-ADA9-6A04E135B4C8}.Release|Any CPU.ActiveCfg = Release|Any CPU
		{423C5D9F-961F-4E2D-ADA9-6A04E135B4C8}.Release|Any CPU.Build.0 = Release|Any CPU
		{16366A1D-2A7E-42AD-9FDC-CC43496AF6DF}.Debug|Any CPU.ActiveCfg = Debug|Any CPU
		{16366A1D-2A7E-42AD-9FDC-CC43496AF6DF}.Debug|Any CPU.Build.0 = Debug|Any CPU
		{16366A1D-2A7E-42AD-9FDC-CC43496AF6DF}.Release|Any CPU.ActiveCfg = Release|Any CPU
		{16366A1D-2A7E-42AD-9FDC-CC43496AF6DF}.Release|Any CPU.Build.0 = Release|Any CPU
		{A4145BA7-C1B9-4B8C-B970-CCE08C13A770}.Debug|Any CPU.ActiveCfg = Debug|Any CPU
		{A4145BA7-C1B9-4B8C-B970-CCE08C13A770}.Debug|Any CPU.Build.0 = Debug|Any CPU
		{A4145BA7-C1B9-4B8C-B970-CCE08C13A770}.Release|Any CPU.ActiveCfg = Release|Any CPU
		{A4145BA7-C1B9-4B8C-B970-CCE08C13A770}.Release|Any CPU.Build.0 = Release|Any CPU
		{9BA9F8FA-336F-4B7B-8E45-FB2A1731E40F}.Debug|Any CPU.ActiveCfg = Debug|Any CPU
		{9BA9F8FA-336F-4B7B-8E45-FB2A1731E40F}.Debug|Any CPU.Build.0 = Debug|Any CPU
		{9BA9F8FA-336F-4B7B-8E45-FB2A1731E40F}.Release|Any CPU.ActiveCfg = Release|Any CPU
		{9BA9F8FA-336F-4B7B-8E45-FB2A1731E40F}.Release|Any CPU.Build.0 = Release|Any CPU
		{D4D66B4A-5C86-4CC3-A139-6417F8217D82}.Debug|Any CPU.ActiveCfg = Debug|Any CPU
		{D4D66B4A-5C86-4CC3-A139-6417F8217D82}.Debug|Any CPU.Build.0 = Debug|Any CPU
		{D4D66B4A-5C86-4CC3-A139-6417F8217D82}.Release|Any CPU.ActiveCfg = Release|Any CPU
		{D4D66B4A-5C86-4CC3-A139-6417F8217D82}.Release|Any CPU.Build.0 = Release|Any CPU
		{A1CCE601-558F-4B39-8B0E-091E6C2DAC07}.Debug|Any CPU.ActiveCfg = Debug|Any CPU
		{A1CCE601-558F-4B39-8B0E-091E6C2DAC07}.Debug|Any CPU.Build.0 = Debug|Any CPU
		{A1CCE601-558F-4B39-8B0E-091E6C2DAC07}.Release|Any CPU.ActiveCfg = Release|Any CPU
		{A1CCE601-558F-4B39-8B0E-091E6C2DAC07}.Release|Any CPU.Build.0 = Release|Any CPU
		{291656CB-A113-403A-B9A2-D1D00C347A29}.Debug|Any CPU.ActiveCfg = Debug|Any CPU
		{291656CB-A113-403A-B9A2-D1D00C347A29}.Debug|Any CPU.Build.0 = Debug|Any CPU
		{291656CB-A113-403A-B9A2-D1D00C347A29}.Release|Any CPU.ActiveCfg = Release|Any CPU
		{291656CB-A113-403A-B9A2-D1D00C347A29}.Release|Any CPU.Build.0 = Release|Any CPU
		{9679F44F-68A9-45C1-BF8E-1BE4A1ED7D1B}.Debug|Any CPU.ActiveCfg = Debug|Any CPU
		{9679F44F-68A9-45C1-BF8E-1BE4A1ED7D1B}.Debug|Any CPU.Build.0 = Debug|Any CPU
		{9679F44F-68A9-45C1-BF8E-1BE4A1ED7D1B}.Release|Any CPU.ActiveCfg = Release|Any CPU
		{9679F44F-68A9-45C1-BF8E-1BE4A1ED7D1B}.Release|Any CPU.Build.0 = Release|Any CPU
		{8DE77B0D-E60F-4B99-8B07-65DA84692D66}.Debug|Any CPU.ActiveCfg = Debug|Any CPU
		{8DE77B0D-E60F-4B99-8B07-65DA84692D66}.Debug|Any CPU.Build.0 = Debug|Any CPU
		{8DE77B0D-E60F-4B99-8B07-65DA84692D66}.Release|Any CPU.ActiveCfg = Release|Any CPU
		{8DE77B0D-E60F-4B99-8B07-65DA84692D66}.Release|Any CPU.Build.0 = Release|Any CPU
		{FFF69025-9AF5-4A89-92AD-5CA8D07841D9}.Debug|Any CPU.ActiveCfg = Debug|Any CPU
		{FFF69025-9AF5-4A89-92AD-5CA8D07841D9}.Debug|Any CPU.Build.0 = Debug|Any CPU
		{FFF69025-9AF5-4A89-92AD-5CA8D07841D9}.Release|Any CPU.ActiveCfg = Release|Any CPU
		{FFF69025-9AF5-4A89-92AD-5CA8D07841D9}.Release|Any CPU.Build.0 = Release|Any CPU
		{45735B6A-FB6A-4057-91A4-76D8886EC8E8}.Debug|Any CPU.ActiveCfg = Debug|Any CPU
		{45735B6A-FB6A-4057-91A4-76D8886EC8E8}.Debug|Any CPU.Build.0 = Debug|Any CPU
		{45735B6A-FB6A-4057-91A4-76D8886EC8E8}.Release|Any CPU.ActiveCfg = Release|Any CPU
		{45735B6A-FB6A-4057-91A4-76D8886EC8E8}.Release|Any CPU.Build.0 = Release|Any CPU
	EndGlobalSection
	GlobalSection(SolutionProperties) = preSolution
		HideSolutionNode = FALSE
	EndGlobalSection
	GlobalSection(NestedProjects) = preSolution
		{423C5D9F-961F-4E2D-ADA9-6A04E135B4C8} = {AFDADF3B-341B-4CAF-9F3E-315764BBC418}
		{16366A1D-2A7E-42AD-9FDC-CC43496AF6DF} = {7FA242CD-E10E-4337-9051-B9A4788DFF40}
		{A4145BA7-C1B9-4B8C-B970-CCE08C13A770} = {DAE439B2-BC86-4F88-8787-D26B5A5B6C70}
		{9BA9F8FA-336F-4B7B-8E45-FB2A1731E40F} = {DAE439B2-BC86-4F88-8787-D26B5A5B6C70}
		{D4D66B4A-5C86-4CC3-A139-6417F8217D82} = {0484AF6A-4A2C-49F8-9A30-B6A267D3B1DF}
		{A1CCE601-558F-4B39-8B0E-091E6C2DAC07} = {CC010FF0-26EE-4D97-BB59-3E52F07D5841}
		{291656CB-A113-403A-B9A2-D1D00C347A29} = {CC010FF0-26EE-4D97-BB59-3E52F07D5841}
		{9679F44F-68A9-45C1-BF8E-1BE4A1ED7D1B} = {CC010FF0-26EE-4D97-BB59-3E52F07D5841}
		{8DE77B0D-E60F-4B99-8B07-65DA84692D66} = {CC010FF0-26EE-4D97-BB59-3E52F07D5841}
		{FFF69025-9AF5-4A89-92AD-5CA8D07841D9} = {8BBB616D-1241-40A9-9114-B9BBBB5C9CED}
		{45735B6A-FB6A-4057-91A4-76D8886EC8E8} = {B76157AA-A366-42AB-84B4-34C197404ED4}
	EndGlobalSection
	GlobalSection(ExtensibilityGlobals) = postSolution
		SolutionGuid = {6D4FC365-F72B-4D43-A74D-898A47C202C5}
	EndGlobalSection
EndGlobal
